{
  "requires": true,
  "lockfileVersion": 1,
  "dependencies": {
    "bootstrap-table": {
      "version": "1.13.0",
      "resolved": "https://registry.npmjs.org/bootstrap-table/-/bootstrap-table-1.13.0.tgz",
      "integrity": "sha512-DZAZq7QrtbjBNQedfRRjvjIfB0BDLTqeBXxjCrQjiVqZ/Q7Pm746PHgAd95s4qvSrKuMDABAyE7LUd51dOlkgg=="
    }
  }
}
